
Microsoft Visual Studio Solution File, Format Version 12.00
# Visual Studio Version 17
VisualStudioVersion = 17.9.34607.119
MinimumVisualStudioVersion = 10.0.40219.1
Project("{2150E333-8FDC-42A3-9474-1A3956D46DE8}") = "src", "src", "{8E9AF9D8-04AC-4F58-A9B3-ADDAEB720BC4}"
EndProject
Project("{2150E333-8FDC-42A3-9474-1A3956D46DE8}") = "Core", "Core", "{0CE3FCA7-A9CB-4318-9CBB-75919D3AFB73}"
EndProject
Project("{2150E333-8FDC-42A3-9474-1A3956D46DE8}") = "Domain", "Domain", "{C49E0A97-C221-455C-89C4-B39ECC7B22CA}"
EndProject
Project("{2150E333-8FDC-42A3-9474-1A3956D46DE8}") = "Application", "Application", "{AF2C6D21-95DC-42AD-965B-C3DCC220A42D}"
EndProject
Project("{2150E333-8FDC-42A3-9474-1A3956D46DE8}") = "Infrastructure", "Infrastructure", "{5769B33D-DED0-4C54-B489-92F7B3C883F7}"
EndProject
Project("{2150E333-8FDC-42A3-9474-1A3956D46DE8}") = "API", "API", "{3923BE3D-67E6-4720-8290-1DC705582BD1}"
EndProject
Project("{9A19103F-16F7-4668-BE54-9A1E7A4F7556}") = "Licenta.Domain", "Licenta.Domain\Licenta.Domain.csproj", "{1D810E06-DD87-4D67-B935-F0003A1C252B}"
EndProject
Project("{9A19103F-16F7-4668-BE54-9A1E7A4F7556}") = "Infrastructure", "Infrastructure\Infrastructure.csproj", "{534F31FF-09A8-4E4A-A67D-49DF8D216B48}"
EndProject
Project("{9A19103F-16F7-4668-BE54-9A1E7A4F7556}") = "Licenta.Application", "Licenta.Application\Licenta.Application.csproj", "{59D41B34-9E18-41DB-9E94-5D08F641A50C}"
EndProject
Project("{9A19103F-16F7-4668-BE54-9A1E7A4F7556}") = "Licenta.API", "Licenta.API\Licenta.API.csproj", "{710ECCAF-8167-45DC-A4E3-F539999DF72D}"
EndProject
Project("{FAE04EC0-301F-11D3-BF4B-00C04F79EFBC}") = "Licenta.Identity", "Licenta.Identity\Licenta.Identity.csproj", "{59882D72-27F4-429D-A237-C7E4C6F74CA1}"
EndProject
Global
	GlobalSection(SolutionConfigurationPlatforms) = preSolution
		Debug|Any CPU = Debug|Any CPU
		Release|Any CPU = Release|Any CPU
	EndGlobalSection
	GlobalSection(ProjectConfigurationPlatforms) = postSolution
		{1D810E06-DD87-4D67-B935-F0003A1C252B}.Debug|Any CPU.ActiveCfg = Debug|Any CPU
		{1D810E06-DD87-4D67-B935-F0003A1C252B}.Debug|Any CPU.Build.0 = Debug|Any CPU
		{1D810E06-DD87-4D67-B935-F0003A1C252B}.Release|Any CPU.ActiveCfg = Release|Any CPU
		{1D810E06-DD87-4D67-B935-F0003A1C252B}.Release|Any CPU.Build.0 = Release|Any CPU
		{534F31FF-09A8-4E4A-A67D-49DF8D216B48}.Debug|Any CPU.ActiveCfg = Debug|Any CPU
		{534F31FF-09A8-4E4A-A67D-49DF8D216B48}.Debug|Any CPU.Build.0 = Debug|Any CPU
		{534F31FF-09A8-4E4A-A67D-49DF8D216B48}.Release|Any CPU.ActiveCfg = Release|Any CPU
		{534F31FF-09A8-4E4A-A67D-49DF8D216B48}.Release|Any CPU.Build.0 = Release|Any CPU
		{59D41B34-9E18-41DB-9E94-5D08F641A50C}.Debug|Any CPU.ActiveCfg = Debug|Any CPU
		{59D41B34-9E18-41DB-9E94-5D08F641A50C}.Debug|Any CPU.Build.0 = Debug|Any CPU
		{59D41B34-9E18-41DB-9E94-5D08F641A50C}.Release|Any CPU.ActiveCfg = Release|Any CPU
		{59D41B34-9E18-41DB-9E94-5D08F641A50C}.Release|Any CPU.Build.0 = Release|Any CPU
		{710ECCAF-8167-45DC-A4E3-F539999DF72D}.Debug|Any CPU.ActiveCfg = Debug|Any CPU
		{710ECCAF-8167-45DC-A4E3-F539999DF72D}.Debug|Any CPU.Build.0 = Debug|Any CPU
		{710ECCAF-8167-45DC-A4E3-F539999DF72D}.Release|Any CPU.ActiveCfg = Release|Any CPU
		{710ECCAF-8167-45DC-A4E3-F539999DF72D}.Release|Any CPU.Build.0 = Release|Any CPU
		{59882D72-27F4-429D-A237-C7E4C6F74CA1}.Debug|Any CPU.ActiveCfg = Debug|Any CPU
		{59882D72-27F4-429D-A237-C7E4C6F74CA1}.Debug|Any CPU.Build.0 = Debug|Any CPU
		{59882D72-27F4-429D-A237-C7E4C6F74CA1}.Release|Any CPU.ActiveCfg = Release|Any CPU
		{59882D72-27F4-429D-A237-C7E4C6F74CA1}.Release|Any CPU.Build.0 = Release|Any CPU
	EndGlobalSection
	GlobalSection(SolutionProperties) = preSolution
		HideSolutionNode = FALSE
	EndGlobalSection
	GlobalSection(NestedProjects) = preSolution
		{0CE3FCA7-A9CB-4318-9CBB-75919D3AFB73} = {8E9AF9D8-04AC-4F58-A9B3-ADDAEB720BC4}
		{C49E0A97-C221-455C-89C4-B39ECC7B22CA} = {0CE3FCA7-A9CB-4318-9CBB-75919D3AFB73}
		{AF2C6D21-95DC-42AD-965B-C3DCC220A42D} = {0CE3FCA7-A9CB-4318-9CBB-75919D3AFB73}
		{5769B33D-DED0-4C54-B489-92F7B3C883F7} = {8E9AF9D8-04AC-4F58-A9B3-ADDAEB720BC4}
		{3923BE3D-67E6-4720-8290-1DC705582BD1} = {8E9AF9D8-04AC-4F58-A9B3-ADDAEB720BC4}
		{1D810E06-DD87-4D67-B935-F0003A1C252B} = {C49E0A97-C221-455C-89C4-B39ECC7B22CA}
		{534F31FF-09A8-4E4A-A67D-49DF8D216B48} = {5769B33D-DED0-4C54-B489-92F7B3C883F7}
		{59D41B34-9E18-41DB-9E94-5D08F641A50C} = {AF2C6D21-95DC-42AD-965B-C3DCC220A42D}
		{710ECCAF-8167-45DC-A4E3-F539999DF72D} = {3923BE3D-67E6-4720-8290-1DC705582BD1}
		{59882D72-27F4-429D-A237-C7E4C6F74CA1} = {5769B33D-DED0-4C54-B489-92F7B3C883F7}
	EndGlobalSection
	GlobalSection(ExtensibilityGlobals) = postSolution
		SolutionGuid = {D7A94029-24D8-4B57-B004-3E7EBD94FAFC}
	EndGlobalSection
EndGlobal
